{
  "requires": true,
  "lockfileVersion": 1,
  "dependencies": {
    "visibilityjs": {
      "version": "2.0.2",
      "resolved": "https://registry.npmjs.org/visibilityjs/-/visibilityjs-2.0.2.tgz",
      "integrity": "sha512-y5sN5oGvuXXcK6s8WupOymRcqEss7kusojpScRqkT+cTCIFjul+06uSMDPMByN9DIBv/sUUnvV8BplKjqelAfw=="
    }
  }
}
